
Microsoft Visual Studio Solution File, Format Version 12.00
Project("{FAE04EC0-301F-11D3-BF4B-00C04F79EFBC}") = "web_api_2", "web_api_2\web_api_2.csproj", "{A8E94803-A897-41C3-A1F0-B42AE4F1A58D}"
EndProject
Global
	GlobalSection(SolutionConfigurationPlatforms) = preSolution
		Debug|Any CPU = Debug|Any CPU
		Release|Any CPU = Release|Any CPU
	EndGlobalSection
	GlobalSection(ProjectConfigurationPlatforms) = postSolution
		{A8E94803-A897-41C3-A1F0-B42AE4F1A58D}.Debug|Any CPU.ActiveCfg = Debug|Any CPU
		{A8E94803-A897-41C3-A1F0-B42AE4F1A58D}.Debug|Any CPU.Build.0 = Debug|Any CPU
		{A8E94803-A897-41C3-A1F0-B42AE4F1A58D}.Release|Any CPU.ActiveCfg = Release|Any CPU
		{A8E94803-A897-41C3-A1F0-B42AE4F1A58D}.Release|Any CPU.Build.0 = Release|Any CPU
	EndGlobalSection
EndGlobal
